
Microsoft Visual Studio Solution File, Format Version 12.00
# Visual Studio Version 17
VisualStudioVersion = 17.9.34622.214
MinimumVisualStudioVersion = 10.0.40219.1
Project("{FAE04EC0-301F-11D3-BF4B-00C04F79EFBC}") = "SaluteSpeech_WF", "SaluteSpeech_WF\SaluteSpeech_WF.csproj", "{F850A83E-6155-44EC-856D-E82982933DDB}"
EndProject
Project("{54435603-DBB4-11D2-8724-00A0C9A8B90C}") = "SaluteSpeechAPI_Installer", "SaluteSpeechAPI_Installer\SaluteSpeechAPI_Installer.vdproj", "{270193EE-8875-4730-90D8-1B3F7EFD2F7A}"
EndProject
Global
	GlobalSection(SolutionConfigurationPlatforms) = preSolution
		Debug|Any CPU = Debug|Any CPU
		Release|Any CPU = Release|Any CPU
	EndGlobalSection
	GlobalSection(ProjectConfigurationPlatforms) = postSolution
		{F850A83E-6155-44EC-856D-E82982933DDB}.Debug|Any CPU.ActiveCfg = Debug|Any CPU
		{F850A83E-6155-44EC-856D-E82982933DDB}.Debug|Any CPU.Build.0 = Debug|Any CPU
		{F850A83E-6155-44EC-856D-E82982933DDB}.Release|Any CPU.ActiveCfg = Release|Any CPU
		{F850A83E-6155-44EC-856D-E82982933DDB}.Release|Any CPU.Build.0 = Release|Any CPU
		{270193EE-8875-4730-90D8-1B3F7EFD2F7A}.Debug|Any CPU.ActiveCfg = Debug
		{270193EE-8875-4730-90D8-1B3F7EFD2F7A}.Release|Any CPU.ActiveCfg = Release
	EndGlobalSection
	GlobalSection(SolutionProperties) = preSolution
		HideSolutionNode = FALSE
	EndGlobalSection
	GlobalSection(ExtensibilityGlobals) = postSolution
		SolutionGuid = {6AA79EEB-6701-401D-AB2C-570DBDE92E70}
	EndGlobalSection
EndGlobal
